
Microsoft Visual Studio Solution File, Format Version 12.00
# Visual Studio Version 17
VisualStudioVersion = 17.8.34316.72
MinimumVisualStudioVersion = 10.0.40219.1
Project("{FAE04EC0-301F-11D3-BF4B-00C04F79EFBC}") = "program-scopex", "program-scopex.csproj", "{F6435143-9148-44EE-B435-3A790FAA406F}"
EndProject
Global
	GlobalSection(SolutionConfigurationPlatforms) = preSolution
		Debug|Any CPU = Debug|Any CPU
		Release|Any CPU = Release|Any CPU
	EndGlobalSection
	GlobalSection(ProjectConfigurationPlatforms) = postSolution
		{F6435143-9148-44EE-B435-3A790FAA406F}.Debug|Any CPU.ActiveCfg = Debug|Any CPU
		{F6435143-9148-44EE-B435-3A790FAA406F}.Debug|Any CPU.Build.0 = Debug|Any CPU
		{F6435143-9148-44EE-B435-3A790FAA406F}.Release|Any CPU.ActiveCfg = Release|Any CPU
		{F6435143-9148-44EE-B435-3A790FAA406F}.Release|Any CPU.Build.0 = Release|Any CPU
	EndGlobalSection
	GlobalSection(SolutionProperties) = preSolution
		HideSolutionNode = FALSE
	EndGlobalSection
	GlobalSection(ExtensibilityGlobals) = postSolution
		SolutionGuid = {08AAD8F4-333C-4043-B96B-ABEFCF82B072}
	EndGlobalSection
EndGlobal
